
Microsoft Visual Studio Solution File, Format Version 12.00
# Visual Studio 2012
VisualStudioVersion = 12.0.21005.1
MinimumVisualStudioVersion = 10.0.40219.1
Project("{FAE04EC0-301F-11D3-BF4B-00C04F79EFBC}") = "Verses.Portable", "Verses.Portable\Verses.Portable.csproj", "{6961472D-920C-4BAB-B10E-FA264A312480}"
EndProject
Project("{FAE04EC0-301F-11D3-BF4B-00C04F79EFBC}") = "Verses.iOS", "Verses.iOS\Verses.iOS.csproj", "{1250F3AD-5F6F-42DF-92A8-1B6BFB664463}"
EndProject
Global
	GlobalSection(SolutionConfigurationPlatforms) = preSolution
		Ad-Hoc|Any CPU = Ad-Hoc|Any CPU
		Ad-Hoc|iPhone = Ad-Hoc|iPhone
		Ad-Hoc|iPhoneSimulator = Ad-Hoc|iPhoneSimulator
		AppStore|Any CPU = AppStore|Any CPU
		AppStore|iPhone = AppStore|iPhone
		AppStore|iPhoneSimulator = AppStore|iPhoneSimulator
		Debug|Any CPU = Debug|Any CPU
		Debug|iPhone = Debug|iPhone
		Debug|iPhoneSimulator = Debug|iPhoneSimulator
		Release|Any CPU = Release|Any CPU
		Release|iPhone = Release|iPhone
		Release|iPhoneSimulator = Release|iPhoneSimulator
	EndGlobalSection
	GlobalSection(ProjectConfigurationPlatforms) = postSolution
		{1250F3AD-5F6F-42DF-92A8-1B6BFB664463}.Ad-Hoc|Any CPU.ActiveCfg = Ad-Hoc|iPhoneSimulator
		{1250F3AD-5F6F-42DF-92A8-1B6BFB664463}.Ad-Hoc|iPhone.ActiveCfg = Ad-Hoc|iPhone
		{1250F3AD-5F6F-42DF-92A8-1B6BFB664463}.Ad-Hoc|iPhone.Build.0 = Ad-Hoc|iPhone
		{1250F3AD-5F6F-42DF-92A8-1B6BFB664463}.Ad-Hoc|iPhoneSimulator.ActiveCfg = Ad-Hoc|iPhoneSimulator
		{1250F3AD-5F6F-42DF-92A8-1B6BFB664463}.Ad-Hoc|iPhoneSimulator.Build.0 = Ad-Hoc|iPhoneSimulator
		{1250F3AD-5F6F-42DF-92A8-1B6BFB664463}.Ad-Hoc|iPhoneSimulator.Deploy.0 = Ad-Hoc|iPhoneSimulator
		{1250F3AD-5F6F-42DF-92A8-1B6BFB664463}.AppStore|Any CPU.ActiveCfg = AppStore|iPhoneSimulator
		{1250F3AD-5F6F-42DF-92A8-1B6BFB664463}.AppStore|iPhone.ActiveCfg = AppStore|iPhone
		{1250F3AD-5F6F-42DF-92A8-1B6BFB664463}.AppStore|iPhone.Build.0 = AppStore|iPhone
		{1250F3AD-5F6F-42DF-92A8-1B6BFB664463}.AppStore|iPhoneSimulator.ActiveCfg = AppStore|iPhoneSimulator
		{1250F3AD-5F6F-42DF-92A8-1B6BFB664463}.AppStore|iPhoneSimulator.Build.0 = AppStore|iPhoneSimulator
		{1250F3AD-5F6F-42DF-92A8-1B6BFB664463}.AppStore|iPhoneSimulator.Deploy.0 = AppStore|iPhoneSimulator
		{1250F3AD-5F6F-42DF-92A8-1B6BFB664463}.Debug|Any CPU.ActiveCfg = Debug|iPhoneSimulator
		{1250F3AD-5F6F-42DF-92A8-1B6BFB664463}.Debug|Any CPU.Build.0 = Debug|iPhoneSimulator
		{1250F3AD-5F6F-42DF-92A8-1B6BFB664463}.Debug|iPhone.ActiveCfg = Debug|iPhone
		{1250F3AD-5F6F-42DF-92A8-1B6BFB664463}.Debug|iPhone.Build.0 = Debug|iPhone
		{1250F3AD-5F6F-42DF-92A8-1B6BFB664463}.Debug|iPhoneSimulator.ActiveCfg = Debug|iPhoneSimulator
		{1250F3AD-5F6F-42DF-92A8-1B6BFB664463}.Debug|iPhoneSimulator.Build.0 = Debug|iPhoneSimulator
		{1250F3AD-5F6F-42DF-92A8-1B6BFB664463}.Release|Any CPU.ActiveCfg = Release|iPhoneSimulator
		{1250F3AD-5F6F-42DF-92A8-1B6BFB664463}.Release|Any CPU.Build.0 = Release|iPhoneSimulator
		{1250F3AD-5F6F-42DF-92A8-1B6BFB664463}.Release|iPhone.ActiveCfg = Release|iPhone
		{1250F3AD-5F6F-42DF-92A8-1B6BFB664463}.Release|iPhone.Build.0 = Release|iPhone
		{1250F3AD-5F6F-42DF-92A8-1B6BFB664463}.Release|iPhoneSimulator.ActiveCfg = Release|iPhoneSimulator
		{1250F3AD-5F6F-42DF-92A8-1B6BFB664463}.Release|iPhoneSimulator.Build.0 = Release|iPhoneSimulator
		{6961472D-920C-4BAB-B10E-FA264A312480}.Ad-Hoc|Any CPU.ActiveCfg = Release|Any CPU
		{6961472D-920C-4BAB-B10E-FA264A312480}.Ad-Hoc|Any CPU.Build.0 = Release|Any CPU
		{6961472D-920C-4BAB-B10E-FA264A312480}.Ad-Hoc|iPhone.ActiveCfg = Debug|Any CPU
		{6961472D-920C-4BAB-B10E-FA264A312480}.Ad-Hoc|iPhone.Build.0 = Debug|Any CPU
		{6961472D-920C-4BAB-B10E-FA264A312480}.Ad-Hoc|iPhoneSimulator.ActiveCfg = Release|Any CPU
		{6961472D-920C-4BAB-B10E-FA264A312480}.AppStore|Any CPU.ActiveCfg = Release|Any CPU
		{6961472D-920C-4BAB-B10E-FA264A312480}.AppStore|Any CPU.Build.0 = Release|Any CPU
		{6961472D-920C-4BAB-B10E-FA264A312480}.AppStore|iPhone.ActiveCfg = Debug|Any CPU
		{6961472D-920C-4BAB-B10E-FA264A312480}.AppStore|iPhone.Build.0 = Debug|Any CPU
		{6961472D-920C-4BAB-B10E-FA264A312480}.AppStore|iPhoneSimulator.ActiveCfg = Release|Any CPU
		{6961472D-920C-4BAB-B10E-FA264A312480}.Debug|Any CPU.ActiveCfg = Debug|Any CPU
		{6961472D-920C-4BAB-B10E-FA264A312480}.Debug|Any CPU.Build.0 = Debug|Any CPU
		{6961472D-920C-4BAB-B10E-FA264A312480}.Debug|iPhone.ActiveCfg = Debug|Any CPU
		{6961472D-920C-4BAB-B10E-FA264A312480}.Debug|iPhone.Build.0 = Debug|Any CPU
		{6961472D-920C-4BAB-B10E-FA264A312480}.Debug|iPhoneSimulator.ActiveCfg = Debug|Any CPU
		{6961472D-920C-4BAB-B10E-FA264A312480}.Debug|iPhoneSimulator.Build.0 = Debug|Any CPU
		{6961472D-920C-4BAB-B10E-FA264A312480}.Release|Any CPU.ActiveCfg = Release|Any CPU
		{6961472D-920C-4BAB-B10E-FA264A312480}.Release|Any CPU.Build.0 = Release|Any CPU
		{6961472D-920C-4BAB-B10E-FA264A312480}.Release|iPhone.ActiveCfg = Release|Any CPU
		{6961472D-920C-4BAB-B10E-FA264A312480}.Release|iPhone.Build.0 = Release|Any CPU
		{6961472D-920C-4BAB-B10E-FA264A312480}.Release|iPhoneSimulator.ActiveCfg = Release|Any CPU
		{6961472D-920C-4BAB-B10E-FA264A312480}.Release|iPhoneSimulator.Build.0 = Release|Any CPU
	EndGlobalSection
	GlobalSection(MonoDevelopProperties) = preSolution
		StartupItem = Verses.iOS\Verses.iOS.csproj
		Policies = $0
		$0.TextStylePolicy = $1
		$1.TabsToSpaces = False
		$1.NoTabsAfterNonTabs = True
		$1.inheritsSet = VisualStudio
		$1.inheritsScope = text/plain
		$1.scope = text/x-csharp
		$0.CSharpFormattingPolicy = $2
		$2.IndentSwitchBody = True
		$2.IndentBlocksInsideExpressions = True
		$2.AnonymousMethodBraceStyle = NextLine
		$2.PropertyBraceStyle = NextLine
		$2.PropertyGetBraceStyle = NextLine
		$2.PropertySetBraceStyle = NextLine
		$2.EventBraceStyle = NextLine
		$2.EventAddBraceStyle = NextLine
		$2.EventRemoveBraceStyle = NextLine
		$2.StatementBraceStyle = NextLine
		$2.ElseNewLinePlacement = NewLine
		$2.CatchNewLinePlacement = NewLine
		$2.FinallyNewLinePlacement = NewLine
		$2.WhileNewLinePlacement = DoNotCare
		$2.ArrayInitializerWrapping = DoNotChange
		$2.ArrayInitializerBraceStyle = NextLine
		$2.BeforeMethodDeclarationParentheses = False
		$2.BeforeMethodCallParentheses = False
		$2.BeforeConstructorDeclarationParentheses = False
		$2.NewLineBeforeConstructorInitializerColon = NewLine
		$2.NewLineAfterConstructorInitializerColon = SameLine
		$2.BeforeDelegateDeclarationParentheses = False
		$2.NewParentheses = False
		$2.SpacesBeforeBrackets = False
		$2.inheritsSet = Mono
		$2.inheritsScope = text/x-csharp
		$2.scope = text/x-csharp
	EndGlobalSection
	GlobalSection(SolutionProperties) = preSolution
		HideSolutionNode = FALSE
	EndGlobalSection
EndGlobal
