
Microsoft Visual Studio Solution File, Format Version 11.00
# Visual Studio 2010
Project("{FAE04EC0-301F-11D3-BF4B-00C04F79EFBC}") = "Verses.iOS", "Verses.iOS.csproj", "{C014CD82-3658-4FBF-88D4-1AAAD2A2B0EF}"
EndProject
Global
	GlobalSection(SolutionConfigurationPlatforms) = preSolution
		Debug|iPhoneSimulator = Debug|iPhoneSimulator
		Release|iPhoneSimulator = Release|iPhoneSimulator
		Debug|iPhone = Debug|iPhone
		Release|iPhone = Release|iPhone
		Ad-Hoc|iPhone = Ad-Hoc|iPhone
		AppStore|iPhone = AppStore|iPhone
	EndGlobalSection
	GlobalSection(ProjectConfigurationPlatforms) = postSolution
		{C014CD82-3658-4FBF-88D4-1AAAD2A2B0EF}.Ad-Hoc|iPhone.ActiveCfg = Ad-Hoc|iPhone
		{C014CD82-3658-4FBF-88D4-1AAAD2A2B0EF}.Ad-Hoc|iPhone.Build.0 = Ad-Hoc|iPhone
		{C014CD82-3658-4FBF-88D4-1AAAD2A2B0EF}.AppStore|iPhone.ActiveCfg = AppStore|iPhone
		{C014CD82-3658-4FBF-88D4-1AAAD2A2B0EF}.AppStore|iPhone.Build.0 = AppStore|iPhone
		{C014CD82-3658-4FBF-88D4-1AAAD2A2B0EF}.Debug|iPhone.ActiveCfg = Debug|iPhone
		{C014CD82-3658-4FBF-88D4-1AAAD2A2B0EF}.Debug|iPhone.Build.0 = Debug|iPhone
		{C014CD82-3658-4FBF-88D4-1AAAD2A2B0EF}.Debug|iPhoneSimulator.ActiveCfg = Debug|iPhoneSimulator
		{C014CD82-3658-4FBF-88D4-1AAAD2A2B0EF}.Debug|iPhoneSimulator.Build.0 = Debug|iPhoneSimulator
		{C014CD82-3658-4FBF-88D4-1AAAD2A2B0EF}.Release|iPhone.ActiveCfg = Release|iPhone
		{C014CD82-3658-4FBF-88D4-1AAAD2A2B0EF}.Release|iPhone.Build.0 = Release|iPhone
		{C014CD82-3658-4FBF-88D4-1AAAD2A2B0EF}.Release|iPhoneSimulator.ActiveCfg = Release|iPhoneSimulator
		{C014CD82-3658-4FBF-88D4-1AAAD2A2B0EF}.Release|iPhoneSimulator.Build.0 = Release|iPhoneSimulator
	EndGlobalSection
	GlobalSection(MonoDevelopProperties) = preSolution
		StartupItem = Verses.iOS.csproj
	EndGlobalSection
EndGlobal
